{
  "name": "soundscript-workspace",
  "lockfileVersion": 3,
  "requires": true,
  "packages": {
    "": {
      "name": "soundscript-workspace"
    },
    "node_modules/.deno/typescript@5.9.3": {
      "extraneous": true
    },
    "node_modules/.deno/wabt@1.0.39/node_modules/wabt": {
      "version": "1.0.39",
      "extraneous": true,
      "license": "Apache-2.0",
      "bin": {
        "wasm-decompile": "bin/wasm-decompile",
        "wasm-interp": "bin/wasm-interp",
        "wasm-objdump": "bin/wasm-objdump",
        "wasm-stats": "bin/wasm-stats",
        "wasm-strip": "bin/wasm-strip",
        "wasm-validate": "bin/wasm-validate",
        "wasm2c": "bin/wasm2c",
        "wasm2wat": "bin/wasm2wat",
        "wat2wasm": "bin/wat2wasm"
      },
      "devDependencies": {
        "assemblyscript": "^0.12.5",
        "dateformat": "^3.0.3",
        "semver": "^7.6.0",
        "simple-git": "^3.24.0",
        "tape": "^5.7.5"
      }
    }
  }
}
